
Microsoft Visual Studio Solution File, Format Version 12.00
# Visual Studio Version 16
VisualStudioVersion = 16.0.29025.244
MinimumVisualStudioVersion = 10.0.40219.1
Project("{FAE04EC0-301F-11D3-BF4B-00C04F79EFBC}") = "Snake", "Snake\Snake.csproj", "{8E5B3499-F2B5-419D-86DA-22262A9302FE}"
EndProject
Global
	GlobalSection(SolutionConfigurationPlatforms) = preSolution
		Debug|Any CPU = Debug|Any CPU
		Release|Any CPU = Release|Any CPU
	EndGlobalSection
	GlobalSection(ProjectConfigurationPlatforms) = postSolution
		{8E5B3499-F2B5-419D-86DA-22262A9302FE}.Debug|Any CPU.ActiveCfg = Debug|Any CPU
		{8E5B3499-F2B5-419D-86DA-22262A9302FE}.Debug|Any CPU.Build.0 = Debug|Any CPU
		{8E5B3499-F2B5-419D-86DA-22262A9302FE}.Release|Any CPU.ActiveCfg = Release|Any CPU
		{8E5B3499-F2B5-419D-86DA-22262A9302FE}.Release|Any CPU.Build.0 = Release|Any CPU
	EndGlobalSection
	GlobalSection(SolutionProperties) = preSolution
		HideSolutionNode = FALSE
	EndGlobalSection
	GlobalSection(ExtensibilityGlobals) = postSolution
		SolutionGuid = {1883ED91-49C9-42BC-A618-7CE37FE25869}
	EndGlobalSection
EndGlobal
